
Microsoft Visual Studio Solution File, Format Version 12.00
# Visual Studio Version 17
VisualStudioVersion = 17.13.35507.96 d17.13
MinimumVisualStudioVersion = 10.0.40219.1
Project("{9A19103F-16F7-4668-BE54-9A1E7A4F7556}") = "WarnAboutTODOs", "src\WarnAboutTODOs\WarnAboutTODOs.csproj", "{8FB642ED-A1C4-4B69-9EC0-2F87B342324A}"
EndProject
Project("{FAE04EC0-301F-11D3-BF4B-00C04F79EFBC}") = "WarnAboutTODOs.Vsix", "src\WarnAboutTODOs.Vsix\WarnAboutTODOs.Vsix.csproj", "{3CDDDCF3-7F02-416B-8C17-09679C4F75A4}"
EndProject
Project("{2150E333-8FDC-42A3-9474-1A3956D46DE8}") = "Solution Items", "Solution Items", "{C235BDFD-B678-4832-BE70-98304EF5584E}"
	ProjectSection(SolutionItems) = preProject
		src\.editorconfig = src\.editorconfig
		CHANGELOG.md = CHANGELOG.md
		README.md = README.md
	EndProjectSection
EndProject
Global
	GlobalSection(SolutionConfigurationPlatforms) = preSolution
		Debug|Any CPU = Debug|Any CPU
		Release|Any CPU = Release|Any CPU
	EndGlobalSection
	GlobalSection(ProjectConfigurationPlatforms) = postSolution
		{8FB642ED-A1C4-4B69-9EC0-2F87B342324A}.Debug|Any CPU.ActiveCfg = Debug|Any CPU
		{8FB642ED-A1C4-4B69-9EC0-2F87B342324A}.Debug|Any CPU.Build.0 = Debug|Any CPU
		{8FB642ED-A1C4-4B69-9EC0-2F87B342324A}.Release|Any CPU.ActiveCfg = Release|Any CPU
		{8FB642ED-A1C4-4B69-9EC0-2F87B342324A}.Release|Any CPU.Build.0 = Release|Any CPU
		{3CDDDCF3-7F02-416B-8C17-09679C4F75A4}.Debug|Any CPU.ActiveCfg = Debug|Any CPU
		{3CDDDCF3-7F02-416B-8C17-09679C4F75A4}.Debug|Any CPU.Build.0 = Debug|Any CPU
		{3CDDDCF3-7F02-416B-8C17-09679C4F75A4}.Release|Any CPU.ActiveCfg = Release|Any CPU
		{3CDDDCF3-7F02-416B-8C17-09679C4F75A4}.Release|Any CPU.Build.0 = Release|Any CPU
	EndGlobalSection
	GlobalSection(SolutionProperties) = preSolution
		HideSolutionNode = FALSE
	EndGlobalSection
	GlobalSection(ExtensibilityGlobals) = postSolution
		SolutionGuid = {366182C6-B384-446D-A8DB-68065FF9EE06}
	EndGlobalSection
EndGlobal
